github.com/openbindings/openbindings-go v0.1.0 h1:gFRvMzeAUhDs+Hdn6aBNq5oRFV5GS71cuKMvD6oh+eo=
github.com/openbindings/openbindings-go v0.1.0/go.mod h1:vFSygz6qy5HtYu9JIINYQkKErUO71SJYWAW3C7l+EOo=
github.com/santhosh-tekuri/jsonschema/v6 v6.0.2 h1:KRzFb2m7YtdldCEkzs6KqmJw4nqEVZGK7IN2kJkjTuQ=
github.com/santhosh-tekuri/jsonschema/v6 v6.0.2/go.mod h1:JXeL+ps8p7/KNMjDQk3TCwPpBy0wYklyWTfbkIzdIFU=
